# @generated - this file is auto-generated by `mise lock` https://mise.en.dev/dev-tools/mise-lock.html

[[tools.node]]
version = "18.20.4"
backend = "core:node"

[tools.node."platforms.linux-arm64"]
checksum = "sha256:f4e0b8b1a89e5d6529e517d57b42ac5cbab0562d86e88566d8e90578257e2b16"
url = "https://nodejs.org/dist/v18.20.4/node-v18.20.4-linux-arm64.tar.gz"

[tools.node."platforms.linux-arm64-musl"]
url = "https://unofficial-builds.nodejs.org/download/release/v18.20.4/node-v18.20.4-linux-arm64-musl.tar.gz"

[tools.node."platforms.linux-x64"]
checksum = "sha256:c4b0827dc47609d0a8379e6de6c74b3934da0b1312c733b5ebdcac16e3f1e954"
url = "https://nodejs.org/dist/v18.20.4/node-v18.20.4-linux-x64.tar.gz"

[tools.node."platforms.linux-x64-musl"]
checksum = "sha256:36b5a5746bfd484f86e3ec6c90907a430b6f6eb86bd7fe4fd6f92e7b950778a4"
url = "https://unofficial-builds.nodejs.org/download/release/v18.20.4/node-v18.20.4-linux-x64-musl.tar.gz"

[tools.node."platforms.macos-arm64"]
checksum = "sha256:aca5b568cc2a7e918037f05168634a921d88f43882c92a01b4ef5e39d0b89414"
url = "https://nodejs.org/dist/v18.20.4/node-v18.20.4-darwin-arm64.tar.gz"

[tools.node."platforms.macos-x64"]
checksum = "sha256:7d2eb630b66bb39b9cf6bb12b35de833e2445797f2ddc9bcae714e63e75181ca"
url = "https://nodejs.org/dist/v18.20.4/node-v18.20.4-darwin-x64.tar.gz"

[tools.node."platforms.windows-x64"]
checksum = "sha256:a2864d9048fb83cc85e3b2c3d18f5731b69cae8964bb029f5cdecbb0820eccd7"
url = "https://nodejs.org/dist/v18.20.4/node-v18.20.4-win-x64.zip"

[[tools."npm:@biomejs/biome"]]
version = "2.4.16"
backend = "npm:@biomejs/biome"

[[tools.pnpm]]
version = "11.4.0"
backend = "aqua:pnpm/pnpm"

[tools.pnpm."platforms.linux-arm64"]
checksum = "sha256:cc38ebd5b2610a5744f84576b963c49e6609a8df5aed714ae3de749998d4478c"
url = "https://github.com/pnpm/pnpm/releases/download/v11.4.0/pnpm-linux-arm64.tar.gz"
provenance = "github-attestations"

[tools.pnpm."platforms.linux-arm64-musl"]
checksum = "sha256:a1e2ec9123c709fd04b704227cfcf3b50cd2bbbc1bd39d2df414530b5697eb75"
url = "https://github.com/pnpm/pnpm/releases/download/v11.4.0/pnpm-linux-arm64-musl.tar.gz"
provenance = "github-attestations"

[tools.pnpm."platforms.linux-x64"]
checksum = "sha256:f3f8d1217eef013bbc71a24d52efb1f1041e4aff55edd80e0b08e25f409305a4"
url = "https://github.com/pnpm/pnpm/releases/download/v11.4.0/pnpm-linux-x64.tar.gz"
provenance = "github-attestations"

[tools.pnpm."platforms.linux-x64-musl"]
checksum = "sha256:60010ad00a96b71e20d1618acaca7a71395e710cbd5e88946c030a1d07c56916"
url = "https://github.com/pnpm/pnpm/releases/download/v11.4.0/pnpm-linux-x64-musl.tar.gz"
provenance = "github-attestations"

[tools.pnpm."platforms.macos-arm64"]
checksum = "sha256:ba59014c2c1ce8b76af9f559385206a2623de4ff2b694b5c91598a8f44abb4e2"
url = "https://github.com/pnpm/pnpm/releases/download/v11.4.0/pnpm-darwin-arm64.tar.gz"
provenance = "github-attestations"

[tools.pnpm."platforms.windows-x64"]
checksum = "sha256:84ce90e38bc0b1164173eb853a0fbffc7edcb050cb0d5c8ce4ca609f5c808e0a"
url = "https://github.com/pnpm/pnpm/releases/download/v11.4.0/pnpm-win32-x64.zip"
provenance = "github-attestations"
